
Microsoft Visual Studio Solution File, Format Version 12.00
# Visual Studio Version 17
VisualStudioVersion = 17.0.32126.317
MinimumVisualStudioVersion = 10.0.40219.1
Project("{FAE04EC0-301F-11D3-BF4B-00C04F79EFBC}") = "Systolic_110910020", "Systolic_110910020\Systolic_110910020.csproj", "{8A8F2F26-FC5B-4EF0-A64A-06D70153A39B}"
EndProject
Global
	GlobalSection(SolutionConfigurationPlatforms) = preSolution
		Debug|Any CPU = Debug|Any CPU
		Release|Any CPU = Release|Any CPU
	EndGlobalSection
	GlobalSection(ProjectConfigurationPlatforms) = postSolution
		{8A8F2F26-FC5B-4EF0-A64A-06D70153A39B}.Debug|Any CPU.ActiveCfg = Debug|Any CPU
		{8A8F2F26-FC5B-4EF0-A64A-06D70153A39B}.Debug|Any CPU.Build.0 = Debug|Any CPU
		{8A8F2F26-FC5B-4EF0-A64A-06D70153A39B}.Release|Any CPU.ActiveCfg = Release|Any CPU
		{8A8F2F26-FC5B-4EF0-A64A-06D70153A39B}.Release|Any CPU.Build.0 = Release|Any CPU
	EndGlobalSection
	GlobalSection(SolutionProperties) = preSolution
		HideSolutionNode = FALSE
	EndGlobalSection
	GlobalSection(ExtensibilityGlobals) = postSolution
		SolutionGuid = {6342D02A-A7F3-4D1C-AE48-3AD60C3A2719}
	EndGlobalSection
EndGlobal
